
Microsoft Visual Studio Solution File, Format Version 12.00
# Visual Studio Version 17
VisualStudioVersion = 17.0.31903.59
MinimumVisualStudioVersion = 10.0.40219.1
Project("{2150E333-8FDC-42A3-9474-1A3956D46DE8}") = "src", "src", "{827E0CD3-B72D-47B6-A68D-7590B98EB39B}"
EndProject
Project("{2150E333-8FDC-42A3-9474-1A3956D46DE8}") = "Services", "Services", "{984BB9B3-3FA3-BE33-9484-CAC21695A33C}"
EndProject
Project("{E53339B2-1760-4266-BCC7-CA923CBCF16C}") = "docker-compose", "docker-compose.dcproj", "{81DDED9D-158B-E303-5F62-77A2896D2A5A}"
EndProject
Project("{2150E333-8FDC-42A3-9474-1A3956D46DE8}") = "Solution Items", "Solution Items", "{8EC462FD-D22E-90A8-E5CE-7E832BA40C5D}"
	ProjectSection(SolutionItems) = preProject
		.gitignore = .gitignore
	EndProjectSection
EndProject
Project("{2150E333-8FDC-42A3-9474-1A3956D46DE8}") = "Shared", "Shared", "{02EA681E-C7D8-13C7-8484-4AC65E1B71E8}"
EndProject
Project("{FAE04EC0-301F-11D3-BF4B-00C04F79EFBC}") = "BookMyDesk.SharedKernel", "Shared\BookMyDesk.SharedKernel\BookMyDesk.SharedKernel.csproj", "{3A879478-C18C-4CA4-9D5B-743B1A45AB98}"
EndProject
Project("{2150E333-8FDC-42A3-9474-1A3956D46DE8}") = "Admission", "Admission", "{A92C7711-1C99-4DD2-A2DD-CD41579EACDF}"
EndProject
Project("{FAE04EC0-301F-11D3-BF4B-00C04F79EFBC}") = "Admission.Api", "src\Services\Admission\Admission.Api\Admission.Api.csproj", "{B07A2887-6A67-410B-AC76-3D70D1B5349E}"
EndProject
Project("{FAE04EC0-301F-11D3-BF4B-00C04F79EFBC}") = "Admission.App", "src\Services\Admission\Admission.App\Admission.App.csproj", "{64C4704D-8635-4A6C-A007-54E5FEED615B}"
EndProject
Project("{FAE04EC0-301F-11D3-BF4B-00C04F79EFBC}") = "Admission.Core", "src\Services\Admission\Admission.Core\Admission.Core.csproj", "{E22350E3-574E-41B0-8422-11992C66B562}"
EndProject
Project("{FAE04EC0-301F-11D3-BF4B-00C04F79EFBC}") = "Admission.Infra", "src\Services\Admission\Admission.Infra\Admission.Infra.csproj", "{83924A14-B21F-4569-AA37-160C28E9F0C1}"
EndProject
Project("{FAE04EC0-301F-11D3-BF4B-00C04F79EFBC}") = "BookMyDesk.BuildingBlocks", "Shared\BookMyDesk.BuildingBlocks\BookMyDesk.BuildingBlocks.csproj", "{4CE7F905-3541-4FCB-9B73-8C77CF168163}"
EndProject
Project("{2150E333-8FDC-42A3-9474-1A3956D46DE8}") = "Docs", "Docs", "{71C639CC-F3A8-41C7-A881-91CF654A4030}"
	ProjectSection(SolutionItems) = preProject
		README.md = README.md
	EndProjectSection
EndProject
Project("{2150E333-8FDC-42A3-9474-1A3956D46DE8}") = "sprints", "sprints", "{366986D0-EDC2-4F80-A4DF-BA6CB88C21D5}"
	ProjectSection(SolutionItems) = preProject
		Sprint-01.md = Sprint-01.md
	EndProjectSection
EndProject
Project("{2150E333-8FDC-42A3-9474-1A3956D46DE8}") = "architecture", "architecture", "{51A1C038-B5F9-4714-A6CD-9373FDF8E541}"
	ProjectSection(SolutionItems) = preProject
		01-Introduction.md = 01-Introduction.md
	EndProjectSection
EndProject
Global
	GlobalSection(SolutionConfigurationPlatforms) = preSolution
		Debug|Any CPU = Debug|Any CPU
		Debug|x64 = Debug|x64
		Debug|x86 = Debug|x86
		Release|Any CPU = Release|Any CPU
		Release|x64 = Release|x64
		Release|x86 = Release|x86
	EndGlobalSection
	GlobalSection(ProjectConfigurationPlatforms) = postSolution
		{81DDED9D-158B-E303-5F62-77A2896D2A5A}.Debug|Any CPU.ActiveCfg = Debug|Any CPU
		{81DDED9D-158B-E303-5F62-77A2896D2A5A}.Debug|Any CPU.Build.0 = Debug|Any CPU
		{81DDED9D-158B-E303-5F62-77A2896D2A5A}.Debug|x64.ActiveCfg = Debug|Any CPU
		{81DDED9D-158B-E303-5F62-77A2896D2A5A}.Debug|x64.Build.0 = Debug|Any CPU
		{81DDED9D-158B-E303-5F62-77A2896D2A5A}.Debug|x86.ActiveCfg = Debug|Any CPU
		{81DDED9D-158B-E303-5F62-77A2896D2A5A}.Debug|x86.Build.0 = Debug|Any CPU
		{81DDED9D-158B-E303-5F62-77A2896D2A5A}.Release|Any CPU.ActiveCfg = Release|Any CPU
		{81DDED9D-158B-E303-5F62-77A2896D2A5A}.Release|Any CPU.Build.0 = Release|Any CPU
		{81DDED9D-158B-E303-5F62-77A2896D2A5A}.Release|x64.ActiveCfg = Release|Any CPU
		{81DDED9D-158B-E303-5F62-77A2896D2A5A}.Release|x64.Build.0 = Release|Any CPU
		{81DDED9D-158B-E303-5F62-77A2896D2A5A}.Release|x86.ActiveCfg = Release|Any CPU
		{81DDED9D-158B-E303-5F62-77A2896D2A5A}.Release|x86.Build.0 = Release|Any CPU
		{3A879478-C18C-4CA4-9D5B-743B1A45AB98}.Debug|Any CPU.ActiveCfg = Debug|Any CPU
		{3A879478-C18C-4CA4-9D5B-743B1A45AB98}.Debug|Any CPU.Build.0 = Debug|Any CPU
		{3A879478-C18C-4CA4-9D5B-743B1A45AB98}.Debug|x64.ActiveCfg = Debug|Any CPU
		{3A879478-C18C-4CA4-9D5B-743B1A45AB98}.Debug|x64.Build.0 = Debug|Any CPU
		{3A879478-C18C-4CA4-9D5B-743B1A45AB98}.Debug|x86.ActiveCfg = Debug|Any CPU
		{3A879478-C18C-4CA4-9D5B-743B1A45AB98}.Debug|x86.Build.0 = Debug|Any CPU
		{3A879478-C18C-4CA4-9D5B-743B1A45AB98}.Release|Any CPU.ActiveCfg = Release|Any CPU
		{3A879478-C18C-4CA4-9D5B-743B1A45AB98}.Release|Any CPU.Build.0 = Release|Any CPU
		{3A879478-C18C-4CA4-9D5B-743B1A45AB98}.Release|x64.ActiveCfg = Release|Any CPU
		{3A879478-C18C-4CA4-9D5B-743B1A45AB98}.Release|x64.Build.0 = Release|Any CPU
		{3A879478-C18C-4CA4-9D5B-743B1A45AB98}.Release|x86.ActiveCfg = Release|Any CPU
		{3A879478-C18C-4CA4-9D5B-743B1A45AB98}.Release|x86.Build.0 = Release|Any CPU
		{B07A2887-6A67-410B-AC76-3D70D1B5349E}.Debug|Any CPU.ActiveCfg = Debug|Any CPU
		{B07A2887-6A67-410B-AC76-3D70D1B5349E}.Debug|Any CPU.Build.0 = Debug|Any CPU
		{B07A2887-6A67-410B-AC76-3D70D1B5349E}.Debug|x64.ActiveCfg = Debug|Any CPU
		{B07A2887-6A67-410B-AC76-3D70D1B5349E}.Debug|x64.Build.0 = Debug|Any CPU
		{B07A2887-6A67-410B-AC76-3D70D1B5349E}.Debug|x86.ActiveCfg = Debug|Any CPU
		{B07A2887-6A67-410B-AC76-3D70D1B5349E}.Debug|x86.Build.0 = Debug|Any CPU
		{B07A2887-6A67-410B-AC76-3D70D1B5349E}.Release|Any CPU.ActiveCfg = Release|Any CPU
		{B07A2887-6A67-410B-AC76-3D70D1B5349E}.Release|Any CPU.Build.0 = Release|Any CPU
		{B07A2887-6A67-410B-AC76-3D70D1B5349E}.Release|x64.ActiveCfg = Release|Any CPU
		{B07A2887-6A67-410B-AC76-3D70D1B5349E}.Release|x64.Build.0 = Release|Any CPU
		{B07A2887-6A67-410B-AC76-3D70D1B5349E}.Release|x86.ActiveCfg = Release|Any CPU
		{B07A2887-6A67-410B-AC76-3D70D1B5349E}.Release|x86.Build.0 = Release|Any CPU
		{64C4704D-8635-4A6C-A007-54E5FEED615B}.Debug|Any CPU.ActiveCfg = Debug|Any CPU
		{64C4704D-8635-4A6C-A007-54E5FEED615B}.Debug|Any CPU.Build.0 = Debug|Any CPU
		{64C4704D-8635-4A6C-A007-54E5FEED615B}.Debug|x64.ActiveCfg = Debug|Any CPU
		{64C4704D-8635-4A6C-A007-54E5FEED615B}.Debug|x64.Build.0 = Debug|Any CPU
		{64C4704D-8635-4A6C-A007-54E5FEED615B}.Debug|x86.ActiveCfg = Debug|Any CPU
		{64C4704D-8635-4A6C-A007-54E5FEED615B}.Debug|x86.Build.0 = Debug|Any CPU
		{64C4704D-8635-4A6C-A007-54E5FEED615B}.Release|Any CPU.ActiveCfg = Release|Any CPU
		{64C4704D-8635-4A6C-A007-54E5FEED615B}.Release|Any CPU.Build.0 = Release|Any CPU
		{64C4704D-8635-4A6C-A007-54E5FEED615B}.Release|x64.ActiveCfg = Release|Any CPU
		{64C4704D-8635-4A6C-A007-54E5FEED615B}.Release|x64.Build.0 = Release|Any CPU
		{64C4704D-8635-4A6C-A007-54E5FEED615B}.Release|x86.ActiveCfg = Release|Any CPU
		{64C4704D-8635-4A6C-A007-54E5FEED615B}.Release|x86.Build.0 = Release|Any CPU
		{E22350E3-574E-41B0-8422-11992C66B562}.Debug|Any CPU.ActiveCfg = Debug|Any CPU
		{E22350E3-574E-41B0-8422-11992C66B562}.Debug|Any CPU.Build.0 = Debug|Any CPU
		{E22350E3-574E-41B0-8422-11992C66B562}.Debug|x64.ActiveCfg = Debug|Any CPU
		{E22350E3-574E-41B0-8422-11992C66B562}.Debug|x64.Build.0 = Debug|Any CPU
		{E22350E3-574E-41B0-8422-11992C66B562}.Debug|x86.ActiveCfg = Debug|Any CPU
		{E22350E3-574E-41B0-8422-11992C66B562}.Debug|x86.Build.0 = Debug|Any CPU
		{E22350E3-574E-41B0-8422-11992C66B562}.Release|Any CPU.ActiveCfg = Release|Any CPU
		{E22350E3-574E-41B0-8422-11992C66B562}.Release|Any CPU.Build.0 = Release|Any CPU
		{E22350E3-574E-41B0-8422-11992C66B562}.Release|x64.ActiveCfg = Release|Any CPU
		{E22350E3-574E-41B0-8422-11992C66B562}.Release|x64.Build.0 = Release|Any CPU
		{E22350E3-574E-41B0-8422-11992C66B562}.Release|x86.ActiveCfg = Release|Any CPU
		{E22350E3-574E-41B0-8422-11992C66B562}.Release|x86.Build.0 = Release|Any CPU
		{83924A14-B21F-4569-AA37-160C28E9F0C1}.Debug|Any CPU.ActiveCfg = Debug|Any CPU
		{83924A14-B21F-4569-AA37-160C28E9F0C1}.Debug|Any CPU.Build.0 = Debug|Any CPU
		{83924A14-B21F-4569-AA37-160C28E9F0C1}.Debug|x64.ActiveCfg = Debug|Any CPU
		{83924A14-B21F-4569-AA37-160C28E9F0C1}.Debug|x64.Build.0 = Debug|Any CPU
		{83924A14-B21F-4569-AA37-160C28E9F0C1}.Debug|x86.ActiveCfg = Debug|Any CPU
		{83924A14-B21F-4569-AA37-160C28E9F0C1}.Debug|x86.Build.0 = Debug|Any CPU
		{83924A14-B21F-4569-AA37-160C28E9F0C1}.Release|Any CPU.ActiveCfg = Release|Any CPU
		{83924A14-B21F-4569-AA37-160C28E9F0C1}.Release|Any CPU.Build.0 = Release|Any CPU
		{83924A14-B21F-4569-AA37-160C28E9F0C1}.Release|x64.ActiveCfg = Release|Any CPU
		{83924A14-B21F-4569-AA37-160C28E9F0C1}.Release|x64.Build.0 = Release|Any CPU
		{83924A14-B21F-4569-AA37-160C28E9F0C1}.Release|x86.ActiveCfg = Release|Any CPU
		{83924A14-B21F-4569-AA37-160C28E9F0C1}.Release|x86.Build.0 = Release|Any CPU
		{4CE7F905-3541-4FCB-9B73-8C77CF168163}.Debug|Any CPU.ActiveCfg = Debug|Any CPU
		{4CE7F905-3541-4FCB-9B73-8C77CF168163}.Debug|Any CPU.Build.0 = Debug|Any CPU
		{4CE7F905-3541-4FCB-9B73-8C77CF168163}.Debug|x64.ActiveCfg = Debug|Any CPU
		{4CE7F905-3541-4FCB-9B73-8C77CF168163}.Debug|x64.Build.0 = Debug|Any CPU
		{4CE7F905-3541-4FCB-9B73-8C77CF168163}.Debug|x86.ActiveCfg = Debug|Any CPU
		{4CE7F905-3541-4FCB-9B73-8C77CF168163}.Debug|x86.Build.0 = Debug|Any CPU
		{4CE7F905-3541-4FCB-9B73-8C77CF168163}.Release|Any CPU.ActiveCfg = Release|Any CPU
		{4CE7F905-3541-4FCB-9B73-8C77CF168163}.Release|Any CPU.Build.0 = Release|Any CPU
		{4CE7F905-3541-4FCB-9B73-8C77CF168163}.Release|x64.ActiveCfg = Release|Any CPU
		{4CE7F905-3541-4FCB-9B73-8C77CF168163}.Release|x64.Build.0 = Release|Any CPU
		{4CE7F905-3541-4FCB-9B73-8C77CF168163}.Release|x86.ActiveCfg = Release|Any CPU
		{4CE7F905-3541-4FCB-9B73-8C77CF168163}.Release|x86.Build.0 = Release|Any CPU
	EndGlobalSection
	GlobalSection(SolutionProperties) = preSolution
		HideSolutionNode = FALSE
	EndGlobalSection
	GlobalSection(NestedProjects) = preSolution
		{984BB9B3-3FA3-BE33-9484-CAC21695A33C} = {827E0CD3-B72D-47B6-A68D-7590B98EB39B}
		{3A879478-C18C-4CA4-9D5B-743B1A45AB98} = {02EA681E-C7D8-13C7-8484-4AC65E1B71E8}
		{A92C7711-1C99-4DD2-A2DD-CD41579EACDF} = {984BB9B3-3FA3-BE33-9484-CAC21695A33C}
		{B07A2887-6A67-410B-AC76-3D70D1B5349E} = {A92C7711-1C99-4DD2-A2DD-CD41579EACDF}
		{64C4704D-8635-4A6C-A007-54E5FEED615B} = {A92C7711-1C99-4DD2-A2DD-CD41579EACDF}
		{E22350E3-574E-41B0-8422-11992C66B562} = {A92C7711-1C99-4DD2-A2DD-CD41579EACDF}
		{83924A14-B21F-4569-AA37-160C28E9F0C1} = {A92C7711-1C99-4DD2-A2DD-CD41579EACDF}
		{4CE7F905-3541-4FCB-9B73-8C77CF168163} = {02EA681E-C7D8-13C7-8484-4AC65E1B71E8}
		{366986D0-EDC2-4F80-A4DF-BA6CB88C21D5} = {71C639CC-F3A8-41C7-A881-91CF654A4030}
		{51A1C038-B5F9-4714-A6CD-9373FDF8E541} = {71C639CC-F3A8-41C7-A881-91CF654A4030}
	EndGlobalSection
	GlobalSection(ExtensibilityGlobals) = postSolution
		SolutionGuid = {B7F4AC1B-EC6B-4B00-A191-4528B08541E2}
	EndGlobalSection
EndGlobal
